
Microsoft Visual Studio Solution File, Format Version 12.00
# Visual Studio Version 17
VisualStudioVersion = 17.14.36518.9 d17.14
MinimumVisualStudioVersion = 10.0.40219.1
Project("{FAE04EC0-301F-11D3-BF4B-00C04F79EFBC}") = "ForPractice", "ForPractice\ForPractice.csproj", "{FEC99A36-9345-4727-85D1-F8D1E57CBE0A}"
EndProject
Global
	GlobalSection(SolutionConfigurationPlatforms) = preSolution
		Debug|Any CPU = Debug|Any CPU
		Release|Any CPU = Release|Any CPU
	EndGlobalSection
	GlobalSection(ProjectConfigurationPlatforms) = postSolution
		{FEC99A36-9345-4727-85D1-F8D1E57CBE0A}.Debug|Any CPU.ActiveCfg = Debug|Any CPU
		{FEC99A36-9345-4727-85D1-F8D1E57CBE0A}.Debug|Any CPU.Build.0 = Debug|Any CPU
		{FEC99A36-9345-4727-85D1-F8D1E57CBE0A}.Release|Any CPU.ActiveCfg = Release|Any CPU
		{FEC99A36-9345-4727-85D1-F8D1E57CBE0A}.Release|Any CPU.Build.0 = Release|Any CPU
	EndGlobalSection
	GlobalSection(SolutionProperties) = preSolution
		HideSolutionNode = FALSE
	EndGlobalSection
	GlobalSection(ExtensibilityGlobals) = postSolution
		SolutionGuid = {6CC53244-1B1E-4243-A725-206028ED59DA}
	EndGlobalSection
EndGlobal
